// !$*UTF8*$!
{
	archiveVersion = 1;
	classes = {
	};
	objectVersion = 56;
	objects = {

/* Begin PBXBuildFile section */
		6155703A2988481A007BD947 /* FirebaseDatabase in Frameworks */ = {isa = PBXBuildFile; productRef = 615570392988481A007BD947 /* FirebaseDatabase */; };
		61ABBC8C2987576300181E1B /* ConnectionApp.swift in Sources */ = {isa = PBXBuildFile; fileRef = 61ABBC8B2987576300181E1B /* ConnectionApp.swift */; };
		61ABBC8E2987576300181E1B /* ContentView.swift in Sources */ = {isa = PBXBuildFile; fileRef = 61ABBC8D2987576300181E1B /* ContentView.swift */; };
		61ABBC902987576500181E1B /* Assets.xcassets in Resources */ = {isa = PBXBuildFile; fileRef = 61ABBC8F2987576500181E1B /* Assets.xcassets */; };
		61ABBC932987576500181E1B /* Preview Assets.xcassets in Resources */ = {isa = PBXBuildFile; fileRef = 61ABBC922987576500181E1B /* Preview Assets.xcassets */; };
		61ABBC9B298757AB00181E1B /* AuthView.swift in Sources */ = {isa = PBXBuildFile; fileRef = 61ABBC9A298757AB00181E1B /* AuthView.swift */; };
		61ABBC9D298757D100181E1B /* LoginView.swift in Sources */ = {isa = PBXBuildFile; fileRef = 61ABBC9C298757D100181E1B /* LoginView.swift */; };
		61ABBC9F298757FF00181E1B /* SignUpView.swift in Sources */ = {isa = PBXBuildFile; fileRef = 61ABBC9E298757FF00181E1B /* SignUpView.swift */; };
		61ABBCA22987582900181E1B /* String.swift in Sources */ = {isa = PBXBuildFile; fileRef = 61ABBCA12987582900181E1B /* String.swift */; };
		61ABBCA4298758CA00181E1B /* GoogleService-Info.plist in Resources */ = {isa = PBXBuildFile; fileRef = 61ABBCA3298758C900181E1B /* GoogleService-Info.plist */; };
		61ABBCA72987594A00181E1B /* FirebaseAuth in Frameworks */ = {isa = PBXBuildFile; productRef = 61ABBCA62987594A00181E1B /* FirebaseAuth */; };
		61ABBCA92987594A00181E1B /* FirebaseFirestore in Frameworks */ = {isa = PBXBuildFile; productRef = 61ABBCA82987594A00181E1B /* FirebaseFirestore */; };
		61ABBCAB2987594A00181E1B /* FirebaseStorage in Frameworks */ = {isa = PBXBuildFile; productRef = 61ABBCAA2987594A00181E1B /* FirebaseStorage */; };
		61ABBCAF298762E300181E1B /* HomeScreen.swift in Sources */ = {isa = PBXBuildFile; fileRef = 61ABBCAE298762E300181E1B /* HomeScreen.swift */; };
		61ABBCB12987631A00181E1B /* DetailScreen.swift in Sources */ = {isa = PBXBuildFile; fileRef = 61ABBCB02987631A00181E1B /* DetailScreen.swift */; };
/* End PBXBuildFile section */

/* Begin PBXFileReference section */
		61ABBC882987576300181E1B /* Connection.app */ = {isa = PBXFileReference; explicitFileType = wrapper.application; includeInIndex = 0; path = Connection.app; sourceTree = BUILT_PRODUCTS_DIR; };
		61ABBC8B2987576300181E1B /* ConnectionApp.swift */ = {isa = PBXFileReference; lastKnownFileType = sourcecode.swift; path = ConnectionApp.swift; sourceTree = "<group>"; };
		61ABBC8D2987576300181E1B /* ContentView.swift */ = {isa = PBXFileReference; lastKnownFileType = sourcecode.swift; path = ContentView.swift; sourceTree = "<group>"; };
		61ABBC8F2987576500181E1B /* Assets.xcassets */ = {isa = PBXFileReference; lastKnownFileType = folder.assetcatalog; path = Assets.xcassets; sourceTree = "<group>"; };
		61ABBC922987576500181E1B /* Preview Assets.xcassets */ = {isa = PBXFileReference; lastKnownFileType = folder.assetcatalog; path = "Preview Assets.xcassets"; sourceTree = "<group>"; };
		61ABBC9A298757AB00181E1B /* AuthView.swift */ = {isa = PBXFileReference; lastKnownFileType = sourcecode.swift; path = AuthView.swift; sourceTree = "<group>"; };
		61ABBC9C298757D100181E1B /* LoginView.swift */ = {isa = PBXFileReference; lastKnownFileType = sourcecode.swift; path = LoginView.swift; sourceTree = "<group>"; };
		61ABBC9E298757FF00181E1B /* SignUpView.swift */ = {isa = PBXFileReference; lastKnownFileType = sourcecode.swift; path = SignUpView.swift; sourceTree = "<group>"; };
		61ABBCA12987582900181E1B /* String.swift */ = {isa = PBXFileReference; lastKnownFileType = sourcecode.swift; path = String.swift; sourceTree = "<group>"; };
		61ABBCA3298758C900181E1B /* GoogleService-Info.plist */ = {isa = PBXFileReference; fileEncoding = 4; lastKnownFileType = text.plist.xml; path = "GoogleService-Info.plist"; sourceTree = "<group>"; };
		61ABBCAE298762E300181E1B /* HomeScreen.swift */ = {isa = PBXFileReference; lastKnownFileType = sourcecode.swift; path = HomeScreen.swift; sourceTree = "<group>"; };
		61ABBCB02987631A00181E1B /* DetailScreen.swift */ = {isa = PBXFileReference; lastKnownFileType = sourcecode.swift; path = DetailScreen.swift; sourceTree = "<group>"; };
/* End PBXFileReference section */

/* Begin PBXFrameworksBuildPhase section */
		61ABBC852987576300181E1B /* Frameworks */ = {
			isa = PBXFrameworksBuildPhase;
			buildActionMask = 2147483647;
			files = (
				61ABBCA72987594A00181E1B /* FirebaseAuth in Frameworks */,
				61ABBCA92987594A00181E1B /* FirebaseFirestore in Frameworks */,
				6155703A2988481A007BD947 /* FirebaseDatabase in Frameworks */,
				61ABBCAB2987594A00181E1B /* FirebaseStorage in Frameworks */,
			);
			runOnlyForDeploymentPostprocessing = 0;
		};
/* End PBXFrameworksBuildPhase section */

/* Begin PBXGroup section */
		615570382988481A007BD947 /* Frameworks */ = {
			isa = PBXGroup;
			children = (
			);
			name = Frameworks;
			sourceTree = "<group>";
		};
		61935E612987804D00044C4A /* AppViews */ = {
			isa = PBXGroup;
			children = (
			);
			path = AppViews;
			sourceTree = "<group>";
		};
		61ABBC7F2987576300181E1B = {
			isa = PBXGroup;
			children = (
				61ABBC8A2987576300181E1B /* Connection */,
				61ABBC892987576300181E1B /* Products */,
				615570382988481A007BD947 /* Frameworks */,
			);
			sourceTree = "<group>";
		};
		61ABBC892987576300181E1B /* Products */ = {
			isa = PBXGroup;
			children = (
				61ABBC882987576300181E1B /* Connection.app */,
			);
			name = Products;
			sourceTree = "<group>";
		};
		61ABBC8A2987576300181E1B /* Connection */ = {
			isa = PBXGroup;
			children = (
				61935E612987804D00044C4A /* AppViews */,
				61ABBC8B2987576300181E1B /* ConnectionApp.swift */,
				61ABBC8D2987576300181E1B /* ContentView.swift */,
				61ABBCAD298762D100181E1B /* Screens */,
				61ABBCA02987580F00181E1B /* Extensions */,
				61ABBC992987579800181E1B /* Groups */,
				61ABBC8F2987576500181E1B /* Assets.xcassets */,
				61ABBCA3298758C900181E1B /* GoogleService-Info.plist */,
				61ABBC912987576500181E1B /* Preview Content */,
			);
			path = Connection;
			sourceTree = "<group>";
		};
		61ABBC912987576500181E1B /* Preview Content */ = {
			isa = PBXGroup;
			children = (
				61ABBC922987576500181E1B /* Preview Assets.xcassets */,
			);
			path = "Preview Content";
			sourceTree = "<group>";
		};
		61ABBC992987579800181E1B /* Groups */ = {
			isa = PBXGroup;
			children = (
				61ABBC9A298757AB00181E1B /* AuthView.swift */,
				61ABBC9C298757D100181E1B /* LoginView.swift */,
				61ABBC9E298757FF00181E1B /* SignUpView.swift */,
			);
			path = Groups;
			sourceTree = "<group>";
		};
		61ABBCA02987580F00181E1B /* Extensions */ = {
			isa = PBXGroup;
			children = (
				61ABBCA12987582900181E1B /* String.swift */,
			);
			path = Extensions;
			sourceTree = "<group>";
		};
		61ABBCAD298762D100181E1B /* Screens */ = {
			isa = PBXGroup;
			children = (
				61ABBCAE298762E300181E1B /* HomeScreen.swift */,
				61ABBCB02987631A00181E1B /* DetailScreen.swift */,
			);
			path = Screens;
			sourceTree = "<group>";
		};
/* End PBXGroup section */

/* Begin PBXNativeTarget section */
		61ABBC872987576300181E1B /* Connection */ = {
			isa = PBXNativeTarget;
			buildConfigurationList = 61ABBC962987576500181E1B /* Build configuration list for PBXNativeTarget "Connection" */;
			buildPhases = (
				61ABBC842987576300181E1B /* Sources */,
				61ABBC852987576300181E1B /* Frameworks */,
				61ABBC862987576300181E1B /* Resources */,
			);
			buildRules = (
			);
			dependencies = (
			);
			name = Connection;
			packageProductDependencies = (
				61ABBCA62987594A00181E1B /* FirebaseAuth */,
				61ABBCA82987594A00181E1B /* FirebaseFirestore */,
				61ABBCAA2987594A00181E1B /* FirebaseStorage */,
				615570392988481A007BD947 /* FirebaseDatabase */,
			);
			productName = Connection;
			productReference = 61ABBC882987576300181E1B /* Connection.app */;
			productType = "com.apple.product-type.application";
		};
/* End PBXNativeTarget section */

/* Begin PBXProject section */
		61ABBC802987576300181E1B /* Project object */ = {
			isa = PBXProject;
			attributes = {
				BuildIndependentTargetsInParallel = 1;
				LastSwiftUpdateCheck = 1420;
				LastUpgradeCheck = 1420;
				TargetAttributes = {
					61ABBC872987576300181E1B = {
						CreatedOnToolsVersion = 14.2;
					};
				};
			};
			buildConfigurationList = 61ABBC832987576300181E1B /* Build configuration list for PBXProject "Connection" */;
			compatibilityVersion = "Xcode 14.0";
			developmentRegion = en;
			hasScannedForEncodings = 0;
			knownRegions = (
				en,
				Base,
			);
			mainGroup = 61ABBC7F2987576300181E1B;
			packageReferences = (
				61ABBCA52987594A00181E1B /* XCRemoteSwiftPackageReference "firebase-ios-sdk" */,
			);
			productRefGroup = 61ABBC892987576300181E1B /* Products */;
			projectDirPath = "";
			projectRoot = "";
			targets = (
				61ABBC872987576300181E1B /* Connection */,
			);
		};
/* End PBXProject section */

/* Begin PBXResourcesBuildPhase section */
		61ABBC862987576300181E1B /* Resources */ = {
			isa = PBXResourcesBuildPhase;
			buildActionMask = 2147483647;
			files = (
				61ABBC932987576500181E1B /* Preview Assets.xcassets in Resources */,
				61ABBC902987576500181E1B /* Assets.xcassets in Resources */,
				61ABBCA4298758CA00181E1B /* GoogleService-Info.plist in Resources */,
			);
			runOnlyForDeploymentPostprocessing = 0;
		};
/* End PBXResourcesBuildPhase section */

/* Begin PBXSourcesBuildPhase section */
		61ABBC842987576300181E1B /* Sources */ = {
			isa = PBXSourcesBuildPhase;
			buildActionMask = 2147483647;
			files = (
				61ABBCB12987631A00181E1B /* DetailScreen.swift in Sources */,
				61ABBCA22987582900181E1B /* String.swift in Sources */,
				61ABBC8E2987576300181E1B /* ContentView.swift in Sources */,
				61ABBCAF298762E300181E1B /* HomeScreen.swift in Sources */,
				61ABBC9F298757FF00181E1B /* SignUpView.swift in Sources */,
				61ABBC8C2987576300181E1B /* ConnectionApp.swift in Sources */,
				61ABBC9D298757D100181E1B /* LoginView.swift in Sources */,
				61ABBC9B298757AB00181E1B /* AuthView.swift in Sources */,
			);
			runOnlyForDeploymentPostprocessing = 0;
		};
/* End PBXSourcesBuildPhase section */

/* Begin XCBuildConfiguration section */
		61ABBC942987576500181E1B /* Debug */ = {
			isa = XCBuildConfiguration;
			buildSettings = {
				ALWAYS_SEARCH_USER_PATHS = NO;
				CLANG_ANALYZER_NONNULL = YES;
				CLANG_ANALYZER_NUMBER_OBJECT_CONVERSION = YES_AGGRESSIVE;
				CLANG_CXX_LANGUAGE_STANDARD = "gnu++20";
				CLANG_ENABLE_MODULES = YES;
				CLANG_ENABLE_OBJC_ARC = YES;
				CLANG_ENABLE_OBJC_WEAK = YES;
				CLANG_WARN_BLOCK_CAPTURE_AUTORELEASING = YES;
				CLANG_WARN_BOOL_CONVERSION = YES;
				CLANG_WARN_COMMA = YES;
				CLANG_WARN_CONSTANT_CONVERSION = YES;
				CLANG_WARN_DEPRECATED_OBJC_IMPLEMENTATIONS = YES;
				CLANG_WARN_DIRECT_OBJC_ISA_USAGE = YES_ERROR;
				CLANG_WARN_DOCUMENTATION_COMMENTS = YES;
				CLANG_WARN_EMPTY_BODY = YES;
				CLANG_WARN_ENUM_CONVERSION = YES;
				CLANG_WARN_INFINITE_RECURSION = YES;
				CLANG_WARN_INT_CONVERSION = YES;
				CLANG_WARN_NON_LITERAL_NULL_CONVERSION = YES;
				CLANG_WARN_OBJC_IMPLICIT_RETAIN_SELF = YES;
				CLANG_WARN_OBJC_LITERAL_CONVERSION = YES;
				CLANG_WARN_OBJC_ROOT_CLASS = YES_ERROR;
				CLANG_WARN_QUOTED_INCLUDE_IN_FRAMEWORK_HEADER = YES;
				CLANG_WARN_RANGE_LOOP_ANALYSIS = YES;
				CLANG_WARN_STRICT_PROTOTYPES = YES;
				CLANG_WARN_SUSPICIOUS_MOVE = YES;
				CLANG_WARN_UNGUARDED_AVAILABILITY = YES_AGGRESSIVE;
				CLANG_WARN_UNREACHABLE_CODE = YES;
				CLANG_WARN__DUPLICATE_METHOD_MATCH = YES;
				COPY_PHASE_STRIP = NO;
				DEBUG_INFORMATION_FORMAT = dwarf;
				ENABLE_STRICT_OBJC_MSGSEND = YES;
				ENABLE_TESTABILITY = YES;
				GCC_C_LANGUAGE_STANDARD = gnu11;
				GCC_DYNAMIC_NO_PIC = NO;
				GCC_NO_COMMON_BLOCKS = YES;
				GCC_OPTIMIZATION_LEVEL = 0;
				GCC_PREPROCESSOR_DEFINITIONS = (
					"DEBUG=1",
					"$(inherited)",
				);
				GCC_WARN_64_TO_32_BIT_CONVERSION = YES;
				GCC_WARN_ABOUT_RETURN_TYPE = YES_ERROR;
				GCC_WARN_UNDECLARED_SELECTOR = YES;
				GCC_WARN_UNINITIALIZED_AUTOS = YES_AGGRESSIVE;
				GCC_WARN_UNUSED_FUNCTION = YES;
				GCC_WARN_UNUSED_VARIABLE = YES;
				IPHONEOS_DEPLOYMENT_TARGET = 16.2;
				MTL_ENABLE_DEBUG_INFO = INCLUDE_SOURCE;
				MTL_FAST_MATH = YES;
				ONLY_ACTIVE_ARCH = YES;
				SDKROOT = iphoneos;
				SWIFT_ACTIVE_COMPILATION_CONDITIONS = DEBUG;
				SWIFT_OPTIMIZATION_LEVEL = "-Onone";
			};
			name = Debug;
		};
		61ABBC952987576500181E1B /* Release */ = {
			isa = XCBuildConfiguration;
			buildSettings = {
				ALWAYS_SEARCH_USER_PATHS = NO;
				CLANG_ANALYZER_NONNULL = YES;
				CLANG_ANALYZER_NUMBER_OBJECT_CONVERSION = YES_AGGRESSIVE;
				CLANG_CXX_LANGUAGE_STANDARD = "gnu++20";
				CLANG_ENABLE_MODULES = YES;
				CLANG_ENABLE_OBJC_ARC = YES;
				CLANG_ENABLE_OBJC_WEAK = YES;
				CLANG_WARN_BLOCK_CAPTURE_AUTORELEASING = YES;
				CLANG_WARN_BOOL_CONVERSION = YES;
				CLANG_WARN_COMMA = YES;
				CLANG_WARN_CONSTANT_CONVERSION = YES;
				CLANG_WARN_DEPRECATED_OBJC_IMPLEMENTATIONS = YES;
				CLANG_WARN_DIRECT_OBJC_ISA_USAGE = YES_ERROR;
				CLANG_WARN_DOCUMENTATION_COMMENTS = YES;
				CLANG_WARN_EMPTY_BODY = YES;
				CLANG_WARN_ENUM_CONVERSION = YES;
				CLANG_WARN_INFINITE_RECURSION = YES;
				CLANG_WARN_INT_CONVERSION = YES;
				CLANG_WARN_NON_LITERAL_NULL_CONVERSION = YES;
				CLANG_WARN_OBJC_IMPLICIT_RETAIN_SELF = YES;
				CLANG_WARN_OBJC_LITERAL_CONVERSION = YES;
				CLANG_WARN_OBJC_ROOT_CLASS = YES_ERROR;
				CLANG_WARN_QUOTED_INCLUDE_IN_FRAMEWORK_HEADER = YES;
				CLANG_WARN_RANGE_LOOP_ANALYSIS = YES;
				CLANG_WARN_STRICT_PROTOTYPES = YES;
				CLANG_WARN_SUSPICIOUS_MOVE = YES;
				CLANG_WARN_UNGUARDED_AVAILABILITY = YES_AGGRESSIVE;
				CLANG_WARN_UNREACHABLE_CODE = YES;
				CLANG_WARN__DUPLICATE_METHOD_MATCH = YES;
				COPY_PHASE_STRIP = NO;
				DEBUG_INFORMATION_FORMAT = "dwarf-with-dsym";
				ENABLE_NS_ASSERTIONS = NO;
				ENABLE_STRICT_OBJC_MSGSEND = YES;
				GCC_C_LANGUAGE_STANDARD = gnu11;
				GCC_NO_COMMON_BLOCKS = YES;
				GCC_WARN_64_TO_32_BIT_CONVERSION = YES;
				GCC_WARN_ABOUT_RETURN_TYPE = YES_ERROR;
				GCC_WARN_UNDECLARED_SELECTOR = YES;
				GCC_WARN_UNINITIALIZED_AUTOS = YES_AGGRESSIVE;
				GCC_WARN_UNUSED_FUNCTION = YES;
				GCC_WARN_UNUSED_VARIABLE = YES;
				IPHONEOS_DEPLOYMENT_TARGET = 16.2;
				MTL_ENABLE_DEBUG_INFO = NO;
				MTL_FAST_MATH = YES;
				SDKROOT = iphoneos;
				SWIFT_COMPILATION_MODE = wholemodule;
				SWIFT_OPTIMIZATION_LEVEL = "-O";
				VALIDATE_PRODUCT = YES;
			};
			name = Release;
		};
		61ABBC972987576500181E1B /* Debug */ = {
			isa = XCBuildConfiguration;
			buildSettings = {
				ASSETCATALOG_COMPILER_APPICON_NAME = AppIcon;
				ASSETCATALOG_COMPILER_GLOBAL_ACCENT_COLOR_NAME = AccentColor;
				CODE_SIGN_STYLE = Automatic;
				CURRENT_PROJECT_VERSION = 1;
				DEVELOPMENT_ASSET_PATHS = "\"Connection/Preview Content\"";
				ENABLE_PREVIEWS = YES;
				GENERATE_INFOPLIST_FILE = YES;
				INFOPLIST_KEY_UIApplicationSceneManifest_Generation = YES;
				INFOPLIST_KEY_UIApplicationSupportsIndirectInputEvents = YES;
				INFOPLIST_KEY_UILaunchScreen_Generation = YES;
				INFOPLIST_KEY_UISupportedInterfaceOrientations_iPad = "UIInterfaceOrientationPortrait UIInterfaceOrientationPortraitUpsideDown UIInterfaceOrientationLandscapeLeft UIInterfaceOrientationLandscapeRight";
				INFOPLIST_KEY_UISupportedInterfaceOrientations_iPhone = "UIInterfaceOrientationPortrait UIInterfaceOrientationLandscapeLeft UIInterfaceOrientationLandscapeRight";
				LD_RUNPATH_SEARCH_PATHS = (
					"$(inherited)",
					"@executable_path/Frameworks",
				);
				MARKETING_VERSION = 1.0;
				PRODUCT_BUNDLE_IDENTIFIER = com.BigDawgs.Connection;
				PRODUCT_NAME = "$(TARGET_NAME)";
				SWIFT_EMIT_LOC_STRINGS = YES;
				SWIFT_VERSION = 5.0;
				TARGETED_DEVICE_FAMILY = "1,2";
			};
			name = Debug;
		};
		61ABBC982987576500181E1B /* Release */ = {
			isa = XCBuildConfiguration;
			buildSettings = {
				ASSETCATALOG_COMPILER_APPICON_NAME = AppIcon;
				ASSETCATALOG_COMPILER_GLOBAL_ACCENT_COLOR_NAME = AccentColor;
				CODE_SIGN_STYLE = Automatic;
				CURRENT_PROJECT_VERSION = 1;
				DEVELOPMENT_ASSET_PATHS = "\"Connection/Preview Content\"";
				ENABLE_PREVIEWS = YES;
				GENERATE_INFOPLIST_FILE = YES;
				INFOPLIST_KEY_UIApplicationSceneManifest_Generation = YES;
				INFOPLIST_KEY_UIApplicationSupportsIndirectInputEvents = YES;
				INFOPLIST_KEY_UILaunchScreen_Generation = YES;
				INFOPLIST_KEY_UISupportedInterfaceOrientations_iPad = "UIInterfaceOrientationPortrait UIInterfaceOrientationPortraitUpsideDown UIInterfaceOrientationLandscapeLeft UIInterfaceOrientationLandscapeRight";
				INFOPLIST_KEY_UISupportedInterfaceOrientations_iPhone = "UIInterfaceOrientationPortrait UIInterfaceOrientationLandscapeLeft UIInterfaceOrientationLandscapeRight";
				LD_RUNPATH_SEARCH_PATHS = (
					"$(inherited)",
					"@executable_path/Frameworks",
				);
				MARKETING_VERSION = 1.0;
				PRODUCT_BUNDLE_IDENTIFIER = com.BigDawgs.Connection;
				PRODUCT_NAME = "$(TARGET_NAME)";
				SWIFT_EMIT_LOC_STRINGS = YES;
				SWIFT_VERSION = 5.0;
				TARGETED_DEVICE_FAMILY = "1,2";
			};
			name = Release;
		};
/* End XCBuildConfiguration section */

/* Begin XCConfigurationList section */
		61ABBC832987576300181E1B /* Build configuration list for PBXProject "Connection" */ = {
			isa = XCConfigurationList;
			buildConfigurations = (
				61ABBC942987576500181E1B /* Debug */,
				61ABBC952987576500181E1B /* Release */,
			);
			defaultConfigurationIsVisible = 0;
			defaultConfigurationName = Release;
		};
		61ABBC962987576500181E1B /* Build configuration list for PBXNativeTarget "Connection" */ = {
			isa = XCConfigurationList;
			buildConfigurations = (
				61ABBC972987576500181E1B /* Debug */,
				61ABBC982987576500181E1B /* Release */,
			);
			defaultConfigurationIsVisible = 0;
			defaultConfigurationName = Release;
		};
/* End XCConfigurationList section */

/* Begin XCRemoteSwiftPackageReference section */
		61ABBCA52987594A00181E1B /* XCRemoteSwiftPackageReference "firebase-ios-sdk" */ = {
			isa = XCRemoteSwiftPackageReference;
			repositoryURL = "https://github.com/firebase/firebase-ios-sdk";
			requirement = {
				branch = master;
				kind = branch;
			};
		};
/* End XCRemoteSwiftPackageReference section */

/* Begin XCSwiftPackageProductDependency section */
		615570392988481A007BD947 /* FirebaseDatabase */ = {
			isa = XCSwiftPackageProductDependency;
			package = 61ABBCA52987594A00181E1B /* XCRemoteSwiftPackageReference "firebase-ios-sdk" */;
			productName = FirebaseDatabase;
		};
		61ABBCA62987594A00181E1B /* FirebaseAuth */ = {
			isa = XCSwiftPackageProductDependency;
			package = 61ABBCA52987594A00181E1B /* XCRemoteSwiftPackageReference "firebase-ios-sdk" */;
			productName = FirebaseAuth;
		};
		61ABBCA82987594A00181E1B /* FirebaseFirestore */ = {
			isa = XCSwiftPackageProductDependency;
			package = 61ABBCA52987594A00181E1B /* XCRemoteSwiftPackageReference "firebase-ios-sdk" */;
			productName = FirebaseFirestore;
		};
		61ABBCAA2987594A00181E1B /* FirebaseStorage */ = {
			isa = XCSwiftPackageProductDependency;
			package = 61ABBCA52987594A00181E1B /* XCRemoteSwiftPackageReference "firebase-ios-sdk" */;
			productName = FirebaseStorage;
		};
/* End XCSwiftPackageProductDependency section */
	};
	rootObject = 61ABBC802987576300181E1B /* Project object */;
}
